
Microsoft Visual Studio Solution File, Format Version 12.00
# Visual Studio Version 17
VisualStudioVersion = 17.5.33530.505
MinimumVisualStudioVersion = 10.0.40219.1
Project("{9A19103F-16F7-4668-BE54-9A1E7A4F7556}") = "Item Management", "Item Management.csproj", "{C8CF6C6C-83D9-4AB6-B202-97C3A792F6E1}"
EndProject
Global
	GlobalSection(SolutionConfigurationPlatforms) = preSolution
		Debug|Any CPU = Debug|Any CPU
		ExportDebug|Any CPU = ExportDebug|Any CPU
		ExportRelease|Any CPU = ExportRelease|Any CPU
		Release|Any CPU = Release|Any CPU
	EndGlobalSection
	GlobalSection(ProjectConfigurationPlatforms) = postSolution
		{C8CF6C6C-83D9-4AB6-B202-97C3A792F6E1}.Debug|Any CPU.ActiveCfg = Debug|Any CPU
		{C8CF6C6C-83D9-4AB6-B202-97C3A792F6E1}.Debug|Any CPU.Build.0 = Debug|Any CPU
		{C8CF6C6C-83D9-4AB6-B202-97C3A792F6E1}.ExportDebug|Any CPU.ActiveCfg = ExportDebug|Any CPU
		{C8CF6C6C-83D9-4AB6-B202-97C3A792F6E1}.ExportDebug|Any CPU.Build.0 = ExportDebug|Any CPU
		{C8CF6C6C-83D9-4AB6-B202-97C3A792F6E1}.ExportRelease|Any CPU.ActiveCfg = ExportRelease|Any CPU
		{C8CF6C6C-83D9-4AB6-B202-97C3A792F6E1}.ExportRelease|Any CPU.Build.0 = ExportRelease|Any CPU
		{C8CF6C6C-83D9-4AB6-B202-97C3A792F6E1}.Release|Any CPU.ActiveCfg = ExportRelease|Any CPU
		{C8CF6C6C-83D9-4AB6-B202-97C3A792F6E1}.Release|Any CPU.Build.0 = ExportRelease|Any CPU
	EndGlobalSection
	GlobalSection(SolutionProperties) = preSolution
		HideSolutionNode = FALSE
	EndGlobalSection
EndGlobal
